
Microsoft Visual Studio Solution File, Format Version 12.00
# Visual Studio 15
VisualStudioVersion = 15.0.28307.168
MinimumVisualStudioVersion = 10.0.40219.1
Project("{FAE04EC0-301F-11D3-BF4B-00C04F79EFBC}") = "Obsluga_Siecix3", "Obsluga_Siecix3\Obsluga_Siecix3.csproj", "{C9268585-357E-4B90-97CE-8CC1BD945C87}"
EndProject
Global
	GlobalSection(SolutionConfigurationPlatforms) = preSolution
		Debug|Any CPU = Debug|Any CPU
		Release|Any CPU = Release|Any CPU
	EndGlobalSection
	GlobalSection(ProjectConfigurationPlatforms) = postSolution
		{C9268585-357E-4B90-97CE-8CC1BD945C87}.Debug|Any CPU.ActiveCfg = Debug|Any CPU
		{C9268585-357E-4B90-97CE-8CC1BD945C87}.Debug|Any CPU.Build.0 = Debug|Any CPU
		{C9268585-357E-4B90-97CE-8CC1BD945C87}.Release|Any CPU.ActiveCfg = Release|Any CPU
		{C9268585-357E-4B90-97CE-8CC1BD945C87}.Release|Any CPU.Build.0 = Release|Any CPU
	EndGlobalSection
	GlobalSection(SolutionProperties) = preSolution
		HideSolutionNode = FALSE
	EndGlobalSection
	GlobalSection(ExtensibilityGlobals) = postSolution
		SolutionGuid = {7E9DB939-5034-469C-B4A3-47C1F79A094B}
	EndGlobalSection
EndGlobal
